{
  "name": "mupdf",
  "version": "0.2.1",
  "lockfileVersion": 3,
  "requires": true,
  "packages": {
    "": {
      "name": "mupdf",
      "version": "0.2.1",
      "license": "AGPL-3.0-or-later",
      "devDependencies": {
        "@types/node": "latest",
        "debugging-aid": "^0.6.8",
        "typescript": "latest"
      }
    },
    "node_modules/@types/node": {
      "version": "20.11.25",
      "resolved": "https://registry.npmjs.org/@types/node/-/node-20.11.25.tgz",
      "integrity": "sha512-TBHyJxk2b7HceLVGFcpAUjsa5zIdsPWlR6XHfyGzd0SFu+/NFgQgMAl96MSDZgQDvJAvV6BKsFOrt6zIL09JDw==",
      "dev": true,
      "dependencies": {
        "undici-types": "~5.26.4"
      }
    },
    "node_modules/blocked-at": {
      "version": "1.2.0",
      "resolved": "https://registry.npmjs.org/blocked-at/-/blocked-at-1.2.0.tgz",
      "integrity": "sha512-Ba9yhK4KcFrgqEPgsU0qVGiMimf+VrD9QJo9pgwjg4yl0GXwgOJS8IRx2rPepQjalrmUdGTqX47bSuJLUMLX7w==",
      "dev": true
    },
    "node_modules/debugging-aid": {
      "version": "0.6.8",
      "resolved": "https://registry.npmjs.org/debugging-aid/-/debugging-aid-0.6.8.tgz",
      "integrity": "sha512-pY+CH4eSPDPfw/O3PEviqwYyZoAMGBVrxJOH9x07KonbMHbopPGWOv6vg/4NB2YflmnQEHQjj3rRO0f5QEXihQ==",
      "dev": true,
      "dependencies": {
        "blocked-at": "^1.2.0",
        "mitm": "^1.7.1",
        "request-to-curl": "^0.1.6"
      }
    },
    "node_modules/http-parser-js": {
      "version": "0.5.8",
      "resolved": "https://registry.npmjs.org/http-parser-js/-/http-parser-js-0.5.8.tgz",
      "integrity": "sha512-SGeBX54F94Wgu5RH3X5jsDtf4eHyRogWX1XGT3b4HuW3tQPM4AaBzoUji/4AAJNXCEOWZ5O0DgZmJw1947gD5Q==",
      "dev": true
    },
    "node_modules/mitm": {
      "version": "1.7.2",
      "resolved": "https://registry.npmjs.org/mitm/-/mitm-1.7.2.tgz",
      "integrity": "sha512-SuiJbc5xisP/iUYvsKAvrvPeoyJQbYI3WOfnp8A7XHDn4wkdtmGZe2ZTFXIo3K1of05oxUiaJIK+GoAU5KgFOw==",
      "dev": true,
      "dependencies": {
        "semver": ">= 5 < 6",
        "underscore": ">= 1.1.6 < 1.14"
      },
      "engines": {
        "node": ">= 0.10.24"
      }
    },
    "node_modules/request-to-curl": {
      "version": "0.1.6",
      "resolved": "https://registry.npmjs.org/request-to-curl/-/request-to-curl-0.1.6.tgz",
      "integrity": "sha512-bdFayFhQqLb+Z1YIOxQ4pOXLsSRJ0HUxolkjSZKKaGcajlxuf8ac2dRGaczz+eoCPbQ55B6xoJTSvPbyG85elQ==",
      "dev": true,
      "dependencies": {
        "http-parser-js": "^0.5.1"
      }
    },
    "node_modules/semver": {
      "version": "5.7.2",
      "resolved": "https://registry.npmjs.org/semver/-/semver-5.7.2.tgz",
      "integrity": "sha512-cBznnQ9KjJqU67B52RMC65CMarK2600WFnbkcaiwWq3xy/5haFJlshgnpjovMVJ+Hff49d8GEn0b87C5pDQ10g==",
      "dev": true,
      "bin": {
        "semver": "bin/semver"
      }
    },
    "node_modules/typescript": {
      "version": "5.4.2",
      "resolved": "https://registry.npmjs.org/typescript/-/typescript-5.4.2.tgz",
      "integrity": "sha512-+2/g0Fds1ERlP6JsakQQDXjZdZMM+rqpamFZJEKh4kwTIn3iDkgKtby0CeNd5ATNZ4Ry1ax15TMx0W2V+miizQ==",
      "dev": true,
      "bin": {
        "tsc": "bin/tsc",
        "tsserver": "bin/tsserver"
      },
      "engines": {
        "node": ">=14.17"
      }
    },
    "node_modules/underscore": {
      "version": "1.13.6",
      "resolved": "https://registry.npmjs.org/underscore/-/underscore-1.13.6.tgz",
      "integrity": "sha512-+A5Sja4HP1M08MaXya7p5LvjuM7K6q/2EaC0+iovj/wOcMsTzMvDFbasi/oSapiwOlt252IqsKqPjCl7huKS0A==",
      "dev": true
    },
    "node_modules/undici-types": {
      "version": "5.26.5",
      "resolved": "https://registry.npmjs.org/undici-types/-/undici-types-5.26.5.tgz",
      "integrity": "sha512-JlCMO+ehdEIKqlFxk6IfVoAUVmgz7cU7zD/h9XZ0qzeosSHmUJVOzSQvvYSYWXkFXC+IfLKSIffhv0sVZup6pA==",
      "dev": true
    }
  }
}
